
Microsoft Visual Studio Solution File, Format Version 11.00
# Visual Studio 2010
Project("{FAE04EC0-301F-11D3-BF4B-00C04F79EFBC}") = "Assembly-CSharp", "Assembly-CSharp.csproj", "{bed28a9a-e2d7-8ad4-1083-4c40876b3368}"
EndProject
Project("{FAE04EC0-301F-11D3-BF4B-00C04F79EFBC}") = "Assembly-CSharp-Editor", "Assembly-CSharp-Editor.csproj", "{2990fa04-1aaf-7cbc-8c9b-c881de3be268}"
EndProject
Global
	GlobalSection(SolutionConfigurationPlatforms) = preSolution
		Debug|Any CPU = Debug|Any CPU
	EndGlobalSection
	GlobalSection(ProjectConfigurationPlatforms) = postSolution
		{bed28a9a-e2d7-8ad4-1083-4c40876b3368}.Debug|Any CPU.ActiveCfg = Debug|Any CPU
		{bed28a9a-e2d7-8ad4-1083-4c40876b3368}.Debug|Any CPU.Build.0 = Debug|Any CPU
		{2990fa04-1aaf-7cbc-8c9b-c881de3be268}.Debug|Any CPU.ActiveCfg = Debug|Any CPU
		{2990fa04-1aaf-7cbc-8c9b-c881de3be268}.Debug|Any CPU.Build.0 = Debug|Any CPU
	EndGlobalSection
	GlobalSection(SolutionProperties) = preSolution
		HideSolutionNode = FALSE
	EndGlobalSection
EndGlobal
